
Microsoft Visual Studio Solution File, Format Version 11.00
# Visual Studio 2010
Project("{FAE04EC0-301F-11D3-BF4B-00C04F79EFBC}") = "Assembly-CSharp", "Assembly-CSharp.csproj", "{BAFDBDF6-496C-70AD-6B3D-DD446935051F}"
EndProject
Project("{FAE04EC0-301F-11D3-BF4B-00C04F79EFBC}") = "Assembly-CSharp-Editor", "Assembly-CSharp-Editor.csproj", "{D1551D43-D701-FC77-01C8-283FEF597885}"
EndProject
Global
	GlobalSection(SolutionConfigurationPlatforms) = preSolution
		Debug|Any CPU = Debug|Any CPU
		Release|Any CPU = Release|Any CPU
	EndGlobalSection
	GlobalSection(ProjectConfigurationPlatforms) = postSolution
		{BAFDBDF6-496C-70AD-6B3D-DD446935051F}.Debug|Any CPU.ActiveCfg = Debug|Any CPU
		{BAFDBDF6-496C-70AD-6B3D-DD446935051F}.Debug|Any CPU.Build.0 = Debug|Any CPU
		{BAFDBDF6-496C-70AD-6B3D-DD446935051F}.Release|Any CPU.ActiveCfg = Release|Any CPU
		{BAFDBDF6-496C-70AD-6B3D-DD446935051F}.Release|Any CPU.Build.0 = Release|Any CPU
		{D1551D43-D701-FC77-01C8-283FEF597885}.Debug|Any CPU.ActiveCfg = Debug|Any CPU
		{D1551D43-D701-FC77-01C8-283FEF597885}.Debug|Any CPU.Build.0 = Debug|Any CPU
		{D1551D43-D701-FC77-01C8-283FEF597885}.Release|Any CPU.ActiveCfg = Release|Any CPU
		{D1551D43-D701-FC77-01C8-283FEF597885}.Release|Any CPU.Build.0 = Release|Any CPU
	EndGlobalSection
	GlobalSection(SolutionProperties) = preSolution
		HideSolutionNode = FALSE
	EndGlobalSection
	GlobalSection(MonoDevelopProperties) = preSolution
		StartupItem = Assembly-CSharp.csproj
	EndGlobalSection
EndGlobal
